
Microsoft Visual Studio Solution File, Format Version 12.00
# Visual Studio Version 17
VisualStudioVersion = 17.14.36518.9 d17.14
MinimumVisualStudioVersion = 10.0.40219.1
Project("{FAE04EC0-301F-11D3-BF4B-00C04F79EFBC}") = "ObligatorioDDA2.Tests", "ObligatorioDDA2.Tests.csproj", "{CACD4EAD-C6DA-A31E-76F9-29A1AEB8E80C}"
EndProject
Global
	GlobalSection(SolutionConfigurationPlatforms) = preSolution
		Debug|Any CPU = Debug|Any CPU
		Release|Any CPU = Release|Any CPU
	EndGlobalSection
	GlobalSection(ProjectConfigurationPlatforms) = postSolution
		{CACD4EAD-C6DA-A31E-76F9-29A1AEB8E80C}.Debug|Any CPU.ActiveCfg = Debug|Any CPU
		{CACD4EAD-C6DA-A31E-76F9-29A1AEB8E80C}.Debug|Any CPU.Build.0 = Debug|Any CPU
		{CACD4EAD-C6DA-A31E-76F9-29A1AEB8E80C}.Release|Any CPU.ActiveCfg = Release|Any CPU
		{CACD4EAD-C6DA-A31E-76F9-29A1AEB8E80C}.Release|Any CPU.Build.0 = Release|Any CPU
	EndGlobalSection
	GlobalSection(SolutionProperties) = preSolution
		HideSolutionNode = FALSE
	EndGlobalSection
	GlobalSection(ExtensibilityGlobals) = postSolution
		SolutionGuid = {FA3090BE-B407-42AD-9DCE-74DBE72F9DB5}
	EndGlobalSection
EndGlobal
